
Microsoft Visual Studio Solution File, Format Version 12.00
# Visual Studio Version 16
VisualStudioVersion = 25.0.1705.0
MinimumVisualStudioVersion = 10.0.40219.1
Project("{FAE04EC0-301F-11D3-BF4B-00C04F79EFBC}") = "DotNet7-Project", "DotNet7-Project.csproj", "{58B39C93-8EF9-4F70-9340-7ADF4772CEE1}"
EndProject
Global
	GlobalSection(SolutionConfigurationPlatforms) = preSolution
		Debug|Any CPU = Debug|Any CPU
		Release|Any CPU = Release|Any CPU
	EndGlobalSection
	GlobalSection(ProjectConfigurationPlatforms) = postSolution
		{58B39C93-8EF9-4F70-9340-7ADF4772CEE1}.Debug|Any CPU.ActiveCfg = Debug|Any CPU
		{58B39C93-8EF9-4F70-9340-7ADF4772CEE1}.Debug|Any CPU.Build.0 = Debug|Any CPU
		{58B39C93-8EF9-4F70-9340-7ADF4772CEE1}.Release|Any CPU.ActiveCfg = Release|Any CPU
		{58B39C93-8EF9-4F70-9340-7ADF4772CEE1}.Release|Any CPU.Build.0 = Release|Any CPU
	EndGlobalSection
	GlobalSection(SolutionProperties) = preSolution
		HideSolutionNode = FALSE
	EndGlobalSection
	GlobalSection(ExtensibilityGlobals) = postSolution
		SolutionGuid = {DC4C8B7C-9278-42B6-84D2-FB517D63578D}
	EndGlobalSection
EndGlobal
